
Microsoft Visual Studio Solution File, Format Version 12.00
# Visual Studio Version 17
VisualStudioVersion = 17.5.33516.290
MinimumVisualStudioVersion = 10.0.40219.1
Project("{FAE04EC0-301F-11D3-BF4B-00C04F79EFBC}") = "TestAPI_1", "TestAPI_1\TestAPI_1.csproj", "{770252B3-140C-49BB-A5F8-FFAB4B33C09F}"
EndProject
Global
	GlobalSection(SolutionConfigurationPlatforms) = preSolution
		Debug|Any CPU = Debug|Any CPU
		Release|Any CPU = Release|Any CPU
	EndGlobalSection
	GlobalSection(ProjectConfigurationPlatforms) = postSolution
		{770252B3-140C-49BB-A5F8-FFAB4B33C09F}.Debug|Any CPU.ActiveCfg = Debug|Any CPU
		{770252B3-140C-49BB-A5F8-FFAB4B33C09F}.Debug|Any CPU.Build.0 = Debug|Any CPU
		{770252B3-140C-49BB-A5F8-FFAB4B33C09F}.Release|Any CPU.ActiveCfg = Release|Any CPU
		{770252B3-140C-49BB-A5F8-FFAB4B33C09F}.Release|Any CPU.Build.0 = Release|Any CPU
	EndGlobalSection
	GlobalSection(SolutionProperties) = preSolution
		HideSolutionNode = FALSE
	EndGlobalSection
	GlobalSection(ExtensibilityGlobals) = postSolution
		SolutionGuid = {43CA8505-B4BC-4F5F-850E-A72940683C1C}
	EndGlobalSection
EndGlobal
